
Microsoft Visual Studio Solution File, Format Version 12.00
# Visual Studio 15
VisualStudioVersion = 15.0.28307.421
MinimumVisualStudioVersion = 10.0.40219.1
Project("{9A19103F-16F7-4668-BE54-9A1E7A4F7556}") = "FileTypeInterrogator", "FileTypeInterrogator\FileTypeInterrogator.csproj", "{E5333901-A30A-45D0-B787-BC2F58208F9F}"
EndProject
Project("{FAE04EC0-301F-11D3-BF4B-00C04F79EFBC}") = "FileTypeInterrogator.Tests", "FileTypeInterrogator.Tests\FileTypeInterrogator.Tests.csproj", "{8181D724-8886-4541-8819-9FF208A28074}"
EndProject
Global
	GlobalSection(SolutionConfigurationPlatforms) = preSolution
		Debug|Any CPU = Debug|Any CPU
		Release|Any CPU = Release|Any CPU
	EndGlobalSection
	GlobalSection(ProjectConfigurationPlatforms) = postSolution
		{E5333901-A30A-45D0-B787-BC2F58208F9F}.Debug|Any CPU.ActiveCfg = Debug|Any CPU
		{E5333901-A30A-45D0-B787-BC2F58208F9F}.Debug|Any CPU.Build.0 = Debug|Any CPU
		{E5333901-A30A-45D0-B787-BC2F58208F9F}.Release|Any CPU.ActiveCfg = Release|Any CPU
		{E5333901-A30A-45D0-B787-BC2F58208F9F}.Release|Any CPU.Build.0 = Release|Any CPU
		{8181D724-8886-4541-8819-9FF208A28074}.Debug|Any CPU.ActiveCfg = Debug|Any CPU
		{8181D724-8886-4541-8819-9FF208A28074}.Debug|Any CPU.Build.0 = Debug|Any CPU
		{8181D724-8886-4541-8819-9FF208A28074}.Release|Any CPU.ActiveCfg = Release|Any CPU
		{8181D724-8886-4541-8819-9FF208A28074}.Release|Any CPU.Build.0 = Release|Any CPU
	EndGlobalSection
	GlobalSection(SolutionProperties) = preSolution
		HideSolutionNode = FALSE
	EndGlobalSection
	GlobalSection(ExtensibilityGlobals) = postSolution
		SolutionGuid = {DC5190C8-E598-450A-8B71-5C90F4DE7A48}
	EndGlobalSection
EndGlobal
