
Microsoft Visual Studio Solution File, Format Version 12.00
# Visual Studio Version 17
VisualStudioVersion = 17.1.32210.238
MinimumVisualStudioVersion = 10.0.40219.1
Project("{9A19103F-16F7-4668-BE54-9A1E7A4F7556}") = "FileTypeInterrogator", "FileTypeInterrogator\FileTypeInterrogator.csproj", "{E5333901-A30A-45D0-B787-BC2F58208F9F}"
EndProject
Project("{9A19103F-16F7-4668-BE54-9A1E7A4F7556}") = "FileTypeInterrogator.Tests", "FileTypeInterrogator.Tests\FileTypeInterrogator.Tests.csproj", "{8181D724-8886-4541-8819-9FF208A28074}"
EndProject
Project("{2150E333-8FDC-42A3-9474-1A3956D46DE8}") = "Solution Items", "Solution Items", "{42DC82B3-A307-4945-AC5C-D0A6D527F942}"
	ProjectSection(SolutionItems) = preProject
		..\.editorconfig = ..\.editorconfig
		..\.gitattributes = ..\.gitattributes
		..\.gitignore = ..\.gitignore
		..\LICENSE.md = ..\LICENSE.md
		..\README.md = ..\README.md
	EndProjectSection
EndProject
Global
	GlobalSection(SolutionConfigurationPlatforms) = preSolution
		Debug|Any CPU = Debug|Any CPU
		Release|Any CPU = Release|Any CPU
	EndGlobalSection
	GlobalSection(ProjectConfigurationPlatforms) = postSolution
		{E5333901-A30A-45D0-B787-BC2F58208F9F}.Debug|Any CPU.ActiveCfg = Debug|Any CPU
		{E5333901-A30A-45D0-B787-BC2F58208F9F}.Debug|Any CPU.Build.0 = Debug|Any CPU
		{E5333901-A30A-45D0-B787-BC2F58208F9F}.Release|Any CPU.ActiveCfg = Release|Any CPU
		{E5333901-A30A-45D0-B787-BC2F58208F9F}.Release|Any CPU.Build.0 = Release|Any CPU
		{8181D724-8886-4541-8819-9FF208A28074}.Debug|Any CPU.ActiveCfg = Debug|Any CPU
		{8181D724-8886-4541-8819-9FF208A28074}.Debug|Any CPU.Build.0 = Debug|Any CPU
		{8181D724-8886-4541-8819-9FF208A28074}.Release|Any CPU.ActiveCfg = Release|Any CPU
		{8181D724-8886-4541-8819-9FF208A28074}.Release|Any CPU.Build.0 = Release|Any CPU
	EndGlobalSection
	GlobalSection(SolutionProperties) = preSolution
		HideSolutionNode = FALSE
	EndGlobalSection
	GlobalSection(ExtensibilityGlobals) = postSolution
		SolutionGuid = {DC5190C8-E598-450A-8B71-5C90F4DE7A48}
	EndGlobalSection
EndGlobal
